
Microsoft Visual Studio Solution File, Format Version 12.00
# Visual Studio Version 17
VisualStudioVersion = 17.0.31815.197
MinimumVisualStudioVersion = 10.0.40219.1
Project("{FAE04EC0-301F-11D3-BF4B-00C04F79EFBC}") = "Course-Work", "Course-Work.csproj", "{B62F0D79-244E-4739-AAF1-9FF03C21DD24}"
EndProject
Project("{FAE04EC0-301F-11D3-BF4B-00C04F79EFBC}") = "Data", "Data\Data.csproj", "{E8A73A32-563A-4FE4-9FB7-6337BAA98037}"
EndProject
Project("{FAE04EC0-301F-11D3-BF4B-00C04F79EFBC}") = "Entities", "Entities\Entities.csproj", "{C5D21B7D-D000-4103-89A2-9D005840C65B}"
EndProject
Project("{FAE04EC0-301F-11D3-BF4B-00C04F79EFBC}") = "Domain", "Domain\Domain.csproj", "{266A30AC-F97F-4E01-9C21-1887F0907D46}"
EndProject
Project("{FAE04EC0-301F-11D3-BF4B-00C04F79EFBC}") = "Services", "Services\Services.csproj", "{125623D8-B0EF-43BE-85B2-61A62E57280B}"
EndProject
Project("{FAE04EC0-301F-11D3-BF4B-00C04F79EFBC}") = "Mappers", "Mappers\Mappers.csproj", "{EF46FF1F-5B2A-4718-A8AC-2252942354E2}"
EndProject
Global
	GlobalSection(SolutionConfigurationPlatforms) = preSolution
		Debug|Any CPU = Debug|Any CPU
		Release|Any CPU = Release|Any CPU
	EndGlobalSection
	GlobalSection(ProjectConfigurationPlatforms) = postSolution
		{B62F0D79-244E-4739-AAF1-9FF03C21DD24}.Debug|Any CPU.ActiveCfg = Debug|Any CPU
		{B62F0D79-244E-4739-AAF1-9FF03C21DD24}.Debug|Any CPU.Build.0 = Debug|Any CPU
		{B62F0D79-244E-4739-AAF1-9FF03C21DD24}.Release|Any CPU.ActiveCfg = Release|Any CPU
		{B62F0D79-244E-4739-AAF1-9FF03C21DD24}.Release|Any CPU.Build.0 = Release|Any CPU
		{E8A73A32-563A-4FE4-9FB7-6337BAA98037}.Debug|Any CPU.ActiveCfg = Debug|Any CPU
		{E8A73A32-563A-4FE4-9FB7-6337BAA98037}.Debug|Any CPU.Build.0 = Debug|Any CPU
		{E8A73A32-563A-4FE4-9FB7-6337BAA98037}.Release|Any CPU.ActiveCfg = Release|Any CPU
		{E8A73A32-563A-4FE4-9FB7-6337BAA98037}.Release|Any CPU.Build.0 = Release|Any CPU
		{C5D21B7D-D000-4103-89A2-9D005840C65B}.Debug|Any CPU.ActiveCfg = Debug|Any CPU
		{C5D21B7D-D000-4103-89A2-9D005840C65B}.Debug|Any CPU.Build.0 = Debug|Any CPU
		{C5D21B7D-D000-4103-89A2-9D005840C65B}.Release|Any CPU.ActiveCfg = Release|Any CPU
		{C5D21B7D-D000-4103-89A2-9D005840C65B}.Release|Any CPU.Build.0 = Release|Any CPU
		{266A30AC-F97F-4E01-9C21-1887F0907D46}.Debug|Any CPU.ActiveCfg = Debug|Any CPU
		{266A30AC-F97F-4E01-9C21-1887F0907D46}.Debug|Any CPU.Build.0 = Debug|Any CPU
		{266A30AC-F97F-4E01-9C21-1887F0907D46}.Release|Any CPU.ActiveCfg = Release|Any CPU
		{266A30AC-F97F-4E01-9C21-1887F0907D46}.Release|Any CPU.Build.0 = Release|Any CPU
		{125623D8-B0EF-43BE-85B2-61A62E57280B}.Debug|Any CPU.ActiveCfg = Debug|Any CPU
		{125623D8-B0EF-43BE-85B2-61A62E57280B}.Debug|Any CPU.Build.0 = Debug|Any CPU
		{125623D8-B0EF-43BE-85B2-61A62E57280B}.Release|Any CPU.ActiveCfg = Release|Any CPU
		{125623D8-B0EF-43BE-85B2-61A62E57280B}.Release|Any CPU.Build.0 = Release|Any CPU
		{EF46FF1F-5B2A-4718-A8AC-2252942354E2}.Debug|Any CPU.ActiveCfg = Debug|Any CPU
		{EF46FF1F-5B2A-4718-A8AC-2252942354E2}.Debug|Any CPU.Build.0 = Debug|Any CPU
		{EF46FF1F-5B2A-4718-A8AC-2252942354E2}.Release|Any CPU.ActiveCfg = Release|Any CPU
		{EF46FF1F-5B2A-4718-A8AC-2252942354E2}.Release|Any CPU.Build.0 = Release|Any CPU
	EndGlobalSection
	GlobalSection(SolutionProperties) = preSolution
		HideSolutionNode = FALSE
	EndGlobalSection
	GlobalSection(ExtensibilityGlobals) = postSolution
		SolutionGuid = {F4082EFA-460E-4D51-9E1D-F655DB507C9F}
	EndGlobalSection
EndGlobal
